
Microsoft Visual Studio Solution File, Format Version 12.00
# Visual Studio Version 17
VisualStudioVersion = 17.2.32516.85
MinimumVisualStudioVersion = 10.0.40219.1
Project("{9A19103F-16F7-4668-BE54-9A1E7A4F7556}") = "Ejercicio2.1", "UTN-PROGRAMACION-I\Ejercicio2.1.csproj", "{04244AB8-5440-42A5-9904-972C180C794A}"
EndProject
Project("{9A19103F-16F7-4668-BE54-9A1E7A4F7556}") = "Problema2.2", "Ejercicio2.2\Problema2.2.csproj", "{E398307D-E503-4A99-BD1E-993899352814}"
EndProject
Project("{9A19103F-16F7-4668-BE54-9A1E7A4F7556}") = "Problema2.3", "Problema2.3\Problema2.3.csproj", "{78286458-EE12-4224-A917-0EEFAB04452C}"
EndProject
Project("{9A19103F-16F7-4668-BE54-9A1E7A4F7556}") = "Problema2.4", "Problema2.4\Problema2.4.csproj", "{1F5A54CD-183E-4340-A2F0-4BBF859A9FE9}"
EndProject
Project("{2150E333-8FDC-42A3-9474-1A3956D46DE8}") = "Unidad 2", "Unidad 2", "{1E593615-B6BC-48B9-A813-F32A177050E5}"
EndProject
Project("{2150E333-8FDC-42A3-9474-1A3956D46DE8}") = "Unidad 3", "Unidad 3", "{922EA683-AB0D-43B5-9EBE-FD3FBA7AC5BA}"
EndProject
Project("{FAE04EC0-301F-11D3-BF4B-00C04F79EFBC}") = "Problema2.5", "Problema2.5\Problema2.5.csproj", "{3BC152F6-D2AB-4C3A-864C-DD9F1C7459FF}"
EndProject
Global
	GlobalSection(SolutionConfigurationPlatforms) = preSolution
		Debug|Any CPU = Debug|Any CPU
		Release|Any CPU = Release|Any CPU
	EndGlobalSection
	GlobalSection(ProjectConfigurationPlatforms) = postSolution
		{04244AB8-5440-42A5-9904-972C180C794A}.Debug|Any CPU.ActiveCfg = Debug|Any CPU
		{04244AB8-5440-42A5-9904-972C180C794A}.Debug|Any CPU.Build.0 = Debug|Any CPU
		{04244AB8-5440-42A5-9904-972C180C794A}.Release|Any CPU.ActiveCfg = Release|Any CPU
		{04244AB8-5440-42A5-9904-972C180C794A}.Release|Any CPU.Build.0 = Release|Any CPU
		{E398307D-E503-4A99-BD1E-993899352814}.Debug|Any CPU.ActiveCfg = Debug|Any CPU
		{E398307D-E503-4A99-BD1E-993899352814}.Debug|Any CPU.Build.0 = Debug|Any CPU
		{E398307D-E503-4A99-BD1E-993899352814}.Release|Any CPU.ActiveCfg = Release|Any CPU
		{E398307D-E503-4A99-BD1E-993899352814}.Release|Any CPU.Build.0 = Release|Any CPU
		{78286458-EE12-4224-A917-0EEFAB04452C}.Debug|Any CPU.ActiveCfg = Debug|Any CPU
		{78286458-EE12-4224-A917-0EEFAB04452C}.Debug|Any CPU.Build.0 = Debug|Any CPU
		{78286458-EE12-4224-A917-0EEFAB04452C}.Release|Any CPU.ActiveCfg = Release|Any CPU
		{78286458-EE12-4224-A917-0EEFAB04452C}.Release|Any CPU.Build.0 = Release|Any CPU
		{1F5A54CD-183E-4340-A2F0-4BBF859A9FE9}.Debug|Any CPU.ActiveCfg = Debug|Any CPU
		{1F5A54CD-183E-4340-A2F0-4BBF859A9FE9}.Debug|Any CPU.Build.0 = Debug|Any CPU
		{1F5A54CD-183E-4340-A2F0-4BBF859A9FE9}.Release|Any CPU.ActiveCfg = Release|Any CPU
		{1F5A54CD-183E-4340-A2F0-4BBF859A9FE9}.Release|Any CPU.Build.0 = Release|Any CPU
		{3BC152F6-D2AB-4C3A-864C-DD9F1C7459FF}.Debug|Any CPU.ActiveCfg = Debug|Any CPU
		{3BC152F6-D2AB-4C3A-864C-DD9F1C7459FF}.Debug|Any CPU.Build.0 = Debug|Any CPU
		{3BC152F6-D2AB-4C3A-864C-DD9F1C7459FF}.Release|Any CPU.ActiveCfg = Release|Any CPU
		{3BC152F6-D2AB-4C3A-864C-DD9F1C7459FF}.Release|Any CPU.Build.0 = Release|Any CPU
	EndGlobalSection
	GlobalSection(SolutionProperties) = preSolution
		HideSolutionNode = FALSE
	EndGlobalSection
	GlobalSection(NestedProjects) = preSolution
		{04244AB8-5440-42A5-9904-972C180C794A} = {1E593615-B6BC-48B9-A813-F32A177050E5}
		{E398307D-E503-4A99-BD1E-993899352814} = {1E593615-B6BC-48B9-A813-F32A177050E5}
		{78286458-EE12-4224-A917-0EEFAB04452C} = {1E593615-B6BC-48B9-A813-F32A177050E5}
		{1F5A54CD-183E-4340-A2F0-4BBF859A9FE9} = {1E593615-B6BC-48B9-A813-F32A177050E5}
		{3BC152F6-D2AB-4C3A-864C-DD9F1C7459FF} = {1E593615-B6BC-48B9-A813-F32A177050E5}
	EndGlobalSection
	GlobalSection(ExtensibilityGlobals) = postSolution
		SolutionGuid = {F28D7E98-EB91-42B2-8B35-FB3B18D8A660}
	EndGlobalSection
EndGlobal
